
Microsoft Visual Studio Solution File, Format Version 12.00
# Visual Studio Version 17
VisualStudioVersion = 17.0.31903.59
MinimumVisualStudioVersion = 10.0.40219.1
Project("{2150E333-8FDC-42A3-9474-1A3956D46DE8}") = "src", "src", "{B4C68BC1-722B-4069-9E4D-7E7FB04FA20A}"
EndProject
Project("{FAE04EC0-301F-11D3-BF4B-00C04F79EFBC}") = "ExampleLib", "src\ExampleLib\ExampleLib.csproj", "{D3DB6112-0E76-495B-BE71-5186112A4296}"
EndProject
Project("{2150E333-8FDC-42A3-9474-1A3956D46DE8}") = "tests", "tests", "{CE774A12-53F2-4F94-ADFA-96E36863AED4}"
EndProject
Project("{FAE04EC0-301F-11D3-BF4B-00C04F79EFBC}") = "ExampleLib.UnitTests", "tests\ExampleLib.UnitTests\ExampleLib.UnitTests.csproj", "{9E45EACA-B811-400F-978F-7419AC8658D5}"
EndProject
Project("{FAE04EC0-301F-11D3-BF4B-00C04F79EFBC}") = "Lexer", "src\Lexer\Lexer.csproj", "{EFDAB020-0DBB-4218-928F-8FE7E520EAFF}"
EndProject
Project("{FAE04EC0-301F-11D3-BF4B-00C04F79EFBC}") = "Lexer.UnitTests", "tests\Lexer.UnitTests\Lexer.UnitTests.csproj", "{E716108D-9A27-4631-8062-697D5869AE8D}"
EndProject
Project("{FAE04EC0-301F-11D3-BF4B-00C04F79EFBC}") = "Parser", "src\Parser\Parser.csproj", "{A0CA5FA8-9E39-464B-83BB-65F6A52A7B9B}"
EndProject
Project("{FAE04EC0-301F-11D3-BF4B-00C04F79EFBC}") = "Parser.UnitTests", "tests\Parser.UnitTests\Parser.UnitTests.csproj", "{BECB2115-F49F-4C3D-86DE-4E00484F0A6B}"
EndProject
Project("{FAE04EC0-301F-11D3-BF4B-00C04F79EFBC}") = "Ast", "src\Ast\Ast.csproj", "{13AB31D6-53B7-4356-9B94-5C36C01CD23A}"
EndProject
Project("{FAE04EC0-301F-11D3-BF4B-00C04F79EFBC}") = "Interpreter", "src\Interpreter\Interpreter.csproj", "{5F5D2ADF-DDA7-4DD5-BC30-BF01648FCB89}"
EndProject
Project("{FAE04EC0-301F-11D3-BF4B-00C04F79EFBC}") = "Execution", "src\Execution\Execution.csproj", "{ACFB7BA1-FDA1-4613-BF16-7B1F4346B996}"
EndProject
Project("{FAE04EC0-301F-11D3-BF4B-00C04F79EFBC}") = "Common", "src\Common\Common.csproj", "{8B84964F-12EC-4A0D-98EE-F7B6D4857AB5}"
EndProject
Project("{FAE04EC0-301F-11D3-BF4B-00C04F79EFBC}") = "Interpreter.Specs", "tests\Interpreter.Specs\Interpreter.Specs.csproj", "{6D098DFB-44CD-4FD0-8C31-B98AAFE63644}"
EndProject
Global
	GlobalSection(SolutionConfigurationPlatforms) = preSolution
		Debug|Any CPU = Debug|Any CPU
		Debug|x64 = Debug|x64
		Debug|x86 = Debug|x86
		Release|Any CPU = Release|Any CPU
		Release|x64 = Release|x64
		Release|x86 = Release|x86
	EndGlobalSection
	GlobalSection(ProjectConfigurationPlatforms) = postSolution
		{D3DB6112-0E76-495B-BE71-5186112A4296}.Debug|Any CPU.ActiveCfg = Debug|Any CPU
		{D3DB6112-0E76-495B-BE71-5186112A4296}.Debug|Any CPU.Build.0 = Debug|Any CPU
		{D3DB6112-0E76-495B-BE71-5186112A4296}.Debug|x64.ActiveCfg = Debug|Any CPU
		{D3DB6112-0E76-495B-BE71-5186112A4296}.Debug|x64.Build.0 = Debug|Any CPU
		{D3DB6112-0E76-495B-BE71-5186112A4296}.Debug|x86.ActiveCfg = Debug|Any CPU
		{D3DB6112-0E76-495B-BE71-5186112A4296}.Debug|x86.Build.0 = Debug|Any CPU
		{D3DB6112-0E76-495B-BE71-5186112A4296}.Release|Any CPU.ActiveCfg = Release|Any CPU
		{D3DB6112-0E76-495B-BE71-5186112A4296}.Release|Any CPU.Build.0 = Release|Any CPU
		{D3DB6112-0E76-495B-BE71-5186112A4296}.Release|x64.ActiveCfg = Release|Any CPU
		{D3DB6112-0E76-495B-BE71-5186112A4296}.Release|x64.Build.0 = Release|Any CPU
		{D3DB6112-0E76-495B-BE71-5186112A4296}.Release|x86.ActiveCfg = Release|Any CPU
		{D3DB6112-0E76-495B-BE71-5186112A4296}.Release|x86.Build.0 = Release|Any CPU
		{9E45EACA-B811-400F-978F-7419AC8658D5}.Debug|Any CPU.ActiveCfg = Debug|Any CPU
		{9E45EACA-B811-400F-978F-7419AC8658D5}.Debug|Any CPU.Build.0 = Debug|Any CPU
		{9E45EACA-B811-400F-978F-7419AC8658D5}.Debug|x64.ActiveCfg = Debug|Any CPU
		{9E45EACA-B811-400F-978F-7419AC8658D5}.Debug|x64.Build.0 = Debug|Any CPU
		{9E45EACA-B811-400F-978F-7419AC8658D5}.Debug|x86.ActiveCfg = Debug|Any CPU
		{9E45EACA-B811-400F-978F-7419AC8658D5}.Debug|x86.Build.0 = Debug|Any CPU
		{9E45EACA-B811-400F-978F-7419AC8658D5}.Release|Any CPU.ActiveCfg = Release|Any CPU
		{9E45EACA-B811-400F-978F-7419AC8658D5}.Release|Any CPU.Build.0 = Release|Any CPU
		{9E45EACA-B811-400F-978F-7419AC8658D5}.Release|x64.ActiveCfg = Release|Any CPU
		{9E45EACA-B811-400F-978F-7419AC8658D5}.Release|x64.Build.0 = Release|Any CPU
		{9E45EACA-B811-400F-978F-7419AC8658D5}.Release|x86.ActiveCfg = Release|Any CPU
		{9E45EACA-B811-400F-978F-7419AC8658D5}.Release|x86.Build.0 = Release|Any CPU
		{EFDAB020-0DBB-4218-928F-8FE7E520EAFF}.Debug|Any CPU.ActiveCfg = Debug|Any CPU
		{EFDAB020-0DBB-4218-928F-8FE7E520EAFF}.Debug|Any CPU.Build.0 = Debug|Any CPU
		{EFDAB020-0DBB-4218-928F-8FE7E520EAFF}.Debug|x64.ActiveCfg = Debug|Any CPU
		{EFDAB020-0DBB-4218-928F-8FE7E520EAFF}.Debug|x64.Build.0 = Debug|Any CPU
		{EFDAB020-0DBB-4218-928F-8FE7E520EAFF}.Debug|x86.ActiveCfg = Debug|Any CPU
		{EFDAB020-0DBB-4218-928F-8FE7E520EAFF}.Debug|x86.Build.0 = Debug|Any CPU
		{EFDAB020-0DBB-4218-928F-8FE7E520EAFF}.Release|Any CPU.ActiveCfg = Release|Any CPU
		{EFDAB020-0DBB-4218-928F-8FE7E520EAFF}.Release|Any CPU.Build.0 = Release|Any CPU
		{EFDAB020-0DBB-4218-928F-8FE7E520EAFF}.Release|x64.ActiveCfg = Release|Any CPU
		{EFDAB020-0DBB-4218-928F-8FE7E520EAFF}.Release|x64.Build.0 = Release|Any CPU
		{EFDAB020-0DBB-4218-928F-8FE7E520EAFF}.Release|x86.ActiveCfg = Release|Any CPU
		{EFDAB020-0DBB-4218-928F-8FE7E520EAFF}.Release|x86.Build.0 = Release|Any CPU
		{E716108D-9A27-4631-8062-697D5869AE8D}.Debug|Any CPU.ActiveCfg = Debug|Any CPU
		{E716108D-9A27-4631-8062-697D5869AE8D}.Debug|Any CPU.Build.0 = Debug|Any CPU
		{E716108D-9A27-4631-8062-697D5869AE8D}.Debug|x64.ActiveCfg = Debug|Any CPU
		{E716108D-9A27-4631-8062-697D5869AE8D}.Debug|x64.Build.0 = Debug|Any CPU
		{E716108D-9A27-4631-8062-697D5869AE8D}.Debug|x86.ActiveCfg = Debug|Any CPU
		{E716108D-9A27-4631-8062-697D5869AE8D}.Debug|x86.Build.0 = Debug|Any CPU
		{E716108D-9A27-4631-8062-697D5869AE8D}.Release|Any CPU.ActiveCfg = Release|Any CPU
		{E716108D-9A27-4631-8062-697D5869AE8D}.Release|Any CPU.Build.0 = Release|Any CPU
		{E716108D-9A27-4631-8062-697D5869AE8D}.Release|x64.ActiveCfg = Release|Any CPU
		{E716108D-9A27-4631-8062-697D5869AE8D}.Release|x64.Build.0 = Release|Any CPU
		{E716108D-9A27-4631-8062-697D5869AE8D}.Release|x86.ActiveCfg = Release|Any CPU
		{E716108D-9A27-4631-8062-697D5869AE8D}.Release|x86.Build.0 = Release|Any CPU
		{A0CA5FA8-9E39-464B-83BB-65F6A52A7B9B}.Debug|Any CPU.ActiveCfg = Debug|Any CPU
		{A0CA5FA8-9E39-464B-83BB-65F6A52A7B9B}.Debug|Any CPU.Build.0 = Debug|Any CPU
		{A0CA5FA8-9E39-464B-83BB-65F6A52A7B9B}.Debug|x64.ActiveCfg = Debug|Any CPU
		{A0CA5FA8-9E39-464B-83BB-65F6A52A7B9B}.Debug|x64.Build.0 = Debug|Any CPU
		{A0CA5FA8-9E39-464B-83BB-65F6A52A7B9B}.Debug|x86.ActiveCfg = Debug|Any CPU
		{A0CA5FA8-9E39-464B-83BB-65F6A52A7B9B}.Debug|x86.Build.0 = Debug|Any CPU
		{A0CA5FA8-9E39-464B-83BB-65F6A52A7B9B}.Release|Any CPU.ActiveCfg = Release|Any CPU
		{A0CA5FA8-9E39-464B-83BB-65F6A52A7B9B}.Release|Any CPU.Build.0 = Release|Any CPU
		{A0CA5FA8-9E39-464B-83BB-65F6A52A7B9B}.Release|x64.ActiveCfg = Release|Any CPU
		{A0CA5FA8-9E39-464B-83BB-65F6A52A7B9B}.Release|x64.Build.0 = Release|Any CPU
		{A0CA5FA8-9E39-464B-83BB-65F6A52A7B9B}.Release|x86.ActiveCfg = Release|Any CPU
		{A0CA5FA8-9E39-464B-83BB-65F6A52A7B9B}.Release|x86.Build.0 = Release|Any CPU
		{BECB2115-F49F-4C3D-86DE-4E00484F0A6B}.Debug|Any CPU.ActiveCfg = Debug|Any CPU
		{BECB2115-F49F-4C3D-86DE-4E00484F0A6B}.Debug|Any CPU.Build.0 = Debug|Any CPU
		{BECB2115-F49F-4C3D-86DE-4E00484F0A6B}.Debug|x64.ActiveCfg = Debug|Any CPU
		{BECB2115-F49F-4C3D-86DE-4E00484F0A6B}.Debug|x64.Build.0 = Debug|Any CPU
		{BECB2115-F49F-4C3D-86DE-4E00484F0A6B}.Debug|x86.ActiveCfg = Debug|Any CPU
		{BECB2115-F49F-4C3D-86DE-4E00484F0A6B}.Debug|x86.Build.0 = Debug|Any CPU
		{BECB2115-F49F-4C3D-86DE-4E00484F0A6B}.Release|Any CPU.ActiveCfg = Release|Any CPU
		{BECB2115-F49F-4C3D-86DE-4E00484F0A6B}.Release|Any CPU.Build.0 = Release|Any CPU
		{BECB2115-F49F-4C3D-86DE-4E00484F0A6B}.Release|x64.ActiveCfg = Release|Any CPU
		{BECB2115-F49F-4C3D-86DE-4E00484F0A6B}.Release|x64.Build.0 = Release|Any CPU
		{BECB2115-F49F-4C3D-86DE-4E00484F0A6B}.Release|x86.ActiveCfg = Release|Any CPU
		{BECB2115-F49F-4C3D-86DE-4E00484F0A6B}.Release|x86.Build.0 = Release|Any CPU
		{13AB31D6-53B7-4356-9B94-5C36C01CD23A}.Debug|Any CPU.ActiveCfg = Debug|Any CPU
		{13AB31D6-53B7-4356-9B94-5C36C01CD23A}.Debug|Any CPU.Build.0 = Debug|Any CPU
		{13AB31D6-53B7-4356-9B94-5C36C01CD23A}.Debug|x64.ActiveCfg = Debug|Any CPU
		{13AB31D6-53B7-4356-9B94-5C36C01CD23A}.Debug|x64.Build.0 = Debug|Any CPU
		{13AB31D6-53B7-4356-9B94-5C36C01CD23A}.Debug|x86.ActiveCfg = Debug|Any CPU
		{13AB31D6-53B7-4356-9B94-5C36C01CD23A}.Debug|x86.Build.0 = Debug|Any CPU
		{13AB31D6-53B7-4356-9B94-5C36C01CD23A}.Release|Any CPU.ActiveCfg = Release|Any CPU
		{13AB31D6-53B7-4356-9B94-5C36C01CD23A}.Release|Any CPU.Build.0 = Release|Any CPU
		{13AB31D6-53B7-4356-9B94-5C36C01CD23A}.Release|x64.ActiveCfg = Release|Any CPU
		{13AB31D6-53B7-4356-9B94-5C36C01CD23A}.Release|x64.Build.0 = Release|Any CPU
		{13AB31D6-53B7-4356-9B94-5C36C01CD23A}.Release|x86.ActiveCfg = Release|Any CPU
		{13AB31D6-53B7-4356-9B94-5C36C01CD23A}.Release|x86.Build.0 = Release|Any CPU
		{5F5D2ADF-DDA7-4DD5-BC30-BF01648FCB89}.Debug|Any CPU.ActiveCfg = Debug|Any CPU
		{5F5D2ADF-DDA7-4DD5-BC30-BF01648FCB89}.Debug|Any CPU.Build.0 = Debug|Any CPU
		{5F5D2ADF-DDA7-4DD5-BC30-BF01648FCB89}.Debug|x64.ActiveCfg = Debug|Any CPU
		{5F5D2ADF-DDA7-4DD5-BC30-BF01648FCB89}.Debug|x64.Build.0 = Debug|Any CPU
		{5F5D2ADF-DDA7-4DD5-BC30-BF01648FCB89}.Debug|x86.ActiveCfg = Debug|Any CPU
		{5F5D2ADF-DDA7-4DD5-BC30-BF01648FCB89}.Debug|x86.Build.0 = Debug|Any CPU
		{5F5D2ADF-DDA7-4DD5-BC30-BF01648FCB89}.Release|Any CPU.ActiveCfg = Release|Any CPU
		{5F5D2ADF-DDA7-4DD5-BC30-BF01648FCB89}.Release|Any CPU.Build.0 = Release|Any CPU
		{5F5D2ADF-DDA7-4DD5-BC30-BF01648FCB89}.Release|x64.ActiveCfg = Release|Any CPU
		{5F5D2ADF-DDA7-4DD5-BC30-BF01648FCB89}.Release|x64.Build.0 = Release|Any CPU
		{5F5D2ADF-DDA7-4DD5-BC30-BF01648FCB89}.Release|x86.ActiveCfg = Release|Any CPU
		{5F5D2ADF-DDA7-4DD5-BC30-BF01648FCB89}.Release|x86.Build.0 = Release|Any CPU
		{ACFB7BA1-FDA1-4613-BF16-7B1F4346B996}.Debug|Any CPU.ActiveCfg = Debug|Any CPU
		{ACFB7BA1-FDA1-4613-BF16-7B1F4346B996}.Debug|Any CPU.Build.0 = Debug|Any CPU
		{ACFB7BA1-FDA1-4613-BF16-7B1F4346B996}.Debug|x64.ActiveCfg = Debug|Any CPU
		{ACFB7BA1-FDA1-4613-BF16-7B1F4346B996}.Debug|x64.Build.0 = Debug|Any CPU
		{ACFB7BA1-FDA1-4613-BF16-7B1F4346B996}.Debug|x86.ActiveCfg = Debug|Any CPU
		{ACFB7BA1-FDA1-4613-BF16-7B1F4346B996}.Debug|x86.Build.0 = Debug|Any CPU
		{ACFB7BA1-FDA1-4613-BF16-7B1F4346B996}.Release|Any CPU.ActiveCfg = Release|Any CPU
		{ACFB7BA1-FDA1-4613-BF16-7B1F4346B996}.Release|Any CPU.Build.0 = Release|Any CPU
		{ACFB7BA1-FDA1-4613-BF16-7B1F4346B996}.Release|x64.ActiveCfg = Release|Any CPU
		{ACFB7BA1-FDA1-4613-BF16-7B1F4346B996}.Release|x64.Build.0 = Release|Any CPU
		{ACFB7BA1-FDA1-4613-BF16-7B1F4346B996}.Release|x86.ActiveCfg = Release|Any CPU
		{ACFB7BA1-FDA1-4613-BF16-7B1F4346B996}.Release|x86.Build.0 = Release|Any CPU
		{8B84964F-12EC-4A0D-98EE-F7B6D4857AB5}.Debug|Any CPU.ActiveCfg = Debug|Any CPU
		{8B84964F-12EC-4A0D-98EE-F7B6D4857AB5}.Debug|Any CPU.Build.0 = Debug|Any CPU
		{8B84964F-12EC-4A0D-98EE-F7B6D4857AB5}.Debug|x64.ActiveCfg = Debug|Any CPU
		{8B84964F-12EC-4A0D-98EE-F7B6D4857AB5}.Debug|x64.Build.0 = Debug|Any CPU
		{8B84964F-12EC-4A0D-98EE-F7B6D4857AB5}.Debug|x86.ActiveCfg = Debug|Any CPU
		{8B84964F-12EC-4A0D-98EE-F7B6D4857AB5}.Debug|x86.Build.0 = Debug|Any CPU
		{8B84964F-12EC-4A0D-98EE-F7B6D4857AB5}.Release|Any CPU.ActiveCfg = Release|Any CPU
		{8B84964F-12EC-4A0D-98EE-F7B6D4857AB5}.Release|Any CPU.Build.0 = Release|Any CPU
		{8B84964F-12EC-4A0D-98EE-F7B6D4857AB5}.Release|x64.ActiveCfg = Release|Any CPU
		{8B84964F-12EC-4A0D-98EE-F7B6D4857AB5}.Release|x64.Build.0 = Release|Any CPU
		{8B84964F-12EC-4A0D-98EE-F7B6D4857AB5}.Release|x86.ActiveCfg = Release|Any CPU
		{8B84964F-12EC-4A0D-98EE-F7B6D4857AB5}.Release|x86.Build.0 = Release|Any CPU
		{6D098DFB-44CD-4FD0-8C31-B98AAFE63644}.Debug|Any CPU.ActiveCfg = Debug|Any CPU
		{6D098DFB-44CD-4FD0-8C31-B98AAFE63644}.Debug|Any CPU.Build.0 = Debug|Any CPU
		{6D098DFB-44CD-4FD0-8C31-B98AAFE63644}.Debug|x64.ActiveCfg = Debug|Any CPU
		{6D098DFB-44CD-4FD0-8C31-B98AAFE63644}.Debug|x64.Build.0 = Debug|Any CPU
		{6D098DFB-44CD-4FD0-8C31-B98AAFE63644}.Debug|x86.ActiveCfg = Debug|Any CPU
		{6D098DFB-44CD-4FD0-8C31-B98AAFE63644}.Debug|x86.Build.0 = Debug|Any CPU
		{6D098DFB-44CD-4FD0-8C31-B98AAFE63644}.Release|Any CPU.ActiveCfg = Release|Any CPU
		{6D098DFB-44CD-4FD0-8C31-B98AAFE63644}.Release|Any CPU.Build.0 = Release|Any CPU
		{6D098DFB-44CD-4FD0-8C31-B98AAFE63644}.Release|x64.ActiveCfg = Release|Any CPU
		{6D098DFB-44CD-4FD0-8C31-B98AAFE63644}.Release|x64.Build.0 = Release|Any CPU
		{6D098DFB-44CD-4FD0-8C31-B98AAFE63644}.Release|x86.ActiveCfg = Release|Any CPU
		{6D098DFB-44CD-4FD0-8C31-B98AAFE63644}.Release|x86.Build.0 = Release|Any CPU
	EndGlobalSection
	GlobalSection(SolutionProperties) = preSolution
		HideSolutionNode = FALSE
	EndGlobalSection
	GlobalSection(NestedProjects) = preSolution
		{D3DB6112-0E76-495B-BE71-5186112A4296} = {B4C68BC1-722B-4069-9E4D-7E7FB04FA20A}
		{9E45EACA-B811-400F-978F-7419AC8658D5} = {CE774A12-53F2-4F94-ADFA-96E36863AED4}
		{EFDAB020-0DBB-4218-928F-8FE7E520EAFF} = {B4C68BC1-722B-4069-9E4D-7E7FB04FA20A}
		{E716108D-9A27-4631-8062-697D5869AE8D} = {CE774A12-53F2-4F94-ADFA-96E36863AED4}
		{A0CA5FA8-9E39-464B-83BB-65F6A52A7B9B} = {B4C68BC1-722B-4069-9E4D-7E7FB04FA20A}
		{BECB2115-F49F-4C3D-86DE-4E00484F0A6B} = {CE774A12-53F2-4F94-ADFA-96E36863AED4}
		{13AB31D6-53B7-4356-9B94-5C36C01CD23A} = {B4C68BC1-722B-4069-9E4D-7E7FB04FA20A}
		{5F5D2ADF-DDA7-4DD5-BC30-BF01648FCB89} = {B4C68BC1-722B-4069-9E4D-7E7FB04FA20A}
		{ACFB7BA1-FDA1-4613-BF16-7B1F4346B996} = {B4C68BC1-722B-4069-9E4D-7E7FB04FA20A}
		{8B84964F-12EC-4A0D-98EE-F7B6D4857AB5} = {B4C68BC1-722B-4069-9E4D-7E7FB04FA20A}
		{6D098DFB-44CD-4FD0-8C31-B98AAFE63644} = {CE774A12-53F2-4F94-ADFA-96E36863AED4}
	EndGlobalSection
	GlobalSection(ExtensibilityGlobals) = postSolution
		SolutionGuid = {A1BB2512-E06F-4D49-9021-50EE6D9571E6}
	EndGlobalSection
EndGlobal
